PODS:
  - AFNetworking (3.2.1):
    - AFNetworking/NSURLSession (= 3.2.1)
    - AFNetworking/Reachability (= 3.2.1)
    - AFNetworking/Security (= 3.2.1)
    - AFNetworking/Serialization (= 3.2.1)
    - AFNetworking/UIKit (= 3.2.1)
  - AFNetworking/NSURLSession (3.2.1):
    - AFNetworking/Reachability
    - AFNetworking/Security
    - AFNetworking/Serialization
  - AFNetworking/Reachability (3.2.1)
  - AFNetworking/Security (3.2.1)
  - AFNetworking/Serialization (3.2.1)
  - AFNetworking/UIKit (3.2.1):
    - AFNetworking/NSURLSession
  - HXWeiboPhotoPicker (2.1.5):
    - SDWebImage (~> 4.0)
  - Qiniu (7.3.0)
  - SDWebImage (4.4.8):
    - SDWebImage/Core (= 4.4.8)
  - SDWebImage/Core (4.4.8)
  - SVProgressHUD (2.2.5)
  - Toast (4.0.0)
  - WechatOpenSDK (1.8.3)
  - YYKit (1.0.9):
    - YYKit/no-arc (= 1.0.9)
  - YYKit/no-arc (1.0.9)

DEPENDENCIES:
  - AFNetworking
  - HXWeiboPhotoPicker
  - Qiniu
  - SDWebImage
  - SVProgressHUD
  - Toast
  - WechatOpenSDK (= 1.8.3)
  - YYKit

SPEC REPOS:
  https://github.com/cocoapods/specs.git:
    - AFNetworking
    - HXWeiboPhotoPicker
    - Qiniu
    - SDWebImage
    - SVProgressHUD
    - Toast
    - WechatOpenSDK
    - YYKit

SPEC CHECKSUMS:
  AFNetworking: b6f891fdfaed196b46c7a83cf209e09697b94057
  HXWeiboPhotoPicker: b389ed6a2f854270aa391c55591d0616a519c881
  Qiniu: a2fb1f87b40f52bc1f386d93c6d48aab09472eae
  SDWebImage: 783af2c3fa36291a250030c4752ee370a9a51d13
  SVProgressHUD: 1428aafac632c1f86f62aa4243ec12008d7a51d6
  Toast: 91b396c56ee72a5790816f40d3a94dd357abc196
  WechatOpenSDK: 3117412f8aafde4758cac1e8d20b93c67cafcfef
  YYKit: 7cda43304a8dc3696c449041e2cb3107b4e236e7

PODFILE CHECKSUM: 3def2fe5bcbfb159d9a64e09af323fd862bdbc5d

COCOAPODS: 1.7.4
