// !$*UTF8*$!
{
	archiveVersion = 1;
	classes = {
	};
	objectVersion = 50;
	objects = {

/* Begin PBXBuildFile section */
		05CCF65CC7CDE290BC67389E /* libPods-Diamond.a in Frameworks */ = {isa = PBXBuildFile; fileRef = 280B86257A637AE9B35DCB28 /* libPods-Diamond.a */; };
		31598850219D8189009A764A /* XDLoginViewController.m in Sources */ = {isa = PBXBuildFile; fileRef = 3159884E219D8189009A764A /* XDLoginViewController.m */; };
		31598851219D8189009A764A /* XDLoginViewController.xib in Resources */ = {isa = PBXBuildFile; fileRef = 3159884F219D8189009A764A /* XDLoginViewController.xib */; };
		3159885C219D9CB3009A764A /* XDHomeViewController.m in Sources */ = {isa = PBXBuildFile; fileRef = 3159885A219D9CB3009A764A /* XDHomeViewController.m */; };
		3159885D219D9CB3009A764A /* XDHomeViewController.xib in Resources */ = {isa = PBXBuildFile; fileRef = 3159885B219D9CB3009A764A /* XDHomeViewController.xib */; };
		31598865219D9FA1009A764A /* XDUser.m in Sources */ = {isa = PBXBuildFile; fileRef = 31598864219D9FA1009A764A /* XDUser.m */; };
		31598868219DABBE009A764A /* XDProductDetailInfo.m in Sources */ = {isa = PBXBuildFile; fileRef = 31598867219DABBE009A764A /* XDProductDetailInfo.m */; };
		3159886C219DAE05009A764A /* XDProductListTableViewCell.m in Sources */ = {isa = PBXBuildFile; fileRef = 3159886A219DAE05009A764A /* XDProductListTableViewCell.m */; };
		3159886D219DAE05009A764A /* XDProductListTableViewCell.xib in Resources */ = {isa = PBXBuildFile; fileRef = 3159886B219DAE05009A764A /* XDProductListTableViewCell.xib */; };
		3169B88121A3BDEB0095A417 /* XDMyViewController.m in Sources */ = {isa = PBXBuildFile; fileRef = 3169B87F21A3BDEB0095A417 /* XDMyViewController.m */; };
		3169B88221A3BDEB0095A417 /* XDMyViewController.xib in Resources */ = {isa = PBXBuildFile; fileRef = 3169B88021A3BDEB0095A417 /* XDMyViewController.xib */; };
		3169B88621A3BDFE0095A417 /* XDSettingViewController.m in Sources */ = {isa = PBXBuildFile; fileRef = 3169B88421A3BDFE0095A417 /* XDSettingViewController.m */; };
		3169B88721A3BDFE0095A417 /* XDSettingViewController.xib in Resources */ = {isa = PBXBuildFile; fileRef = 3169B88521A3BDFE0095A417 /* XDSettingViewController.xib */; };
		3169B88B21A3BE110095A417 /* XDSearchViewController.m in Sources */ = {isa = PBXBuildFile; fileRef = 3169B88921A3BE110095A417 /* XDSearchViewController.m */; };
		3169B88C21A3BE110095A417 /* XDSearchViewController.xib in Resources */ = {isa = PBXBuildFile; fileRef = 3169B88A21A3BE110095A417 /* XDSearchViewController.xib */; };
		3169B89021A3C5AB0095A417 /* XDUploadViewController.m in Sources */ = {isa = PBXBuildFile; fileRef = 3169B88E21A3C5AB0095A417 /* XDUploadViewController.m */; };
		3169B89121A3C5AB0095A417 /* XDUploadViewController.xib in Resources */ = {isa = PBXBuildFile; fileRef = 3169B88F21A3C5AB0095A417 /* XDUploadViewController.xib */; };
		316FEECC21B6E3E1000C9DBF /* XDTagSelectView.m in Sources */ = {isa = PBXBuildFile; fileRef = 316FEECB21B6E3E1000C9DBF /* XDTagSelectView.m */; };
		316FEED821B6EA6A000C9DBF /* UIView+Utils.m in Sources */ = {isa = PBXBuildFile; fileRef = 316FEED721B6EA6A000C9DBF /* UIView+Utils.m */; };
		319F698B21B63C3800775E36 /* UICollectionViewLeftAlignedLayout.m in Sources */ = {isa = PBXBuildFile; fileRef = 319F698721B63C3800775E36 /* UICollectionViewLeftAlignedLayout.m */; };
		319F698C21B63C3800775E36 /* YJTagCollectionViewCell.m in Sources */ = {isa = PBXBuildFile; fileRef = 319F698821B63C3800775E36 /* YJTagCollectionViewCell.m */; };
		319F698D21B63C3800775E36 /* YJTagCollectionViewCell.xib in Resources */ = {isa = PBXBuildFile; fileRef = 319F698921B63C3800775E36 /* YJTagCollectionViewCell.xib */; };
		319F698E21B63C3800775E36 /* YJTagView.m in Sources */ = {isa = PBXBuildFile; fileRef = 319F698A21B63C3800775E36 /* YJTagView.m */; };
		31A5EAB721B80FF80039845A /* XDInputTextView.m in Sources */ = {isa = PBXBuildFile; fileRef = 31A5EAB621B80FF80039845A /* XDInputTextView.m */; };
		31AF53BE21B03ED8007238FC /* UIImageGalleryViewCell.m in Sources */ = {isa = PBXBuildFile; fileRef = 31AF53BC21B03ED8007238FC /* UIImageGalleryViewCell.m */; };
		31AF53BF21B03ED8007238FC /* UIImageGalleryViewCell.xib in Resources */ = {isa = PBXBuildFile; fileRef = 31AF53BD21B03ED8007238FC /* UIImageGalleryViewCell.xib */; };
		31C0606E21B54091008EC22B /* XDTextSetTableViewCell.m in Sources */ = {isa = PBXBuildFile; fileRef = 31C0606C21B54091008EC22B /* XDTextSetTableViewCell.m */; };
		31C0606F21B54091008EC22B /* XDTextSetTableViewCell.xib in Resources */ = {isa = PBXBuildFile; fileRef = 31C0606D21B54091008EC22B /* XDTextSetTableViewCell.xib */; };
		31C2A7AD21940EF700F7EBAA /* AppDelegate.m in Sources */ = {isa = PBXBuildFile; fileRef = 31C2A7AC21940EF700F7EBAA /* AppDelegate.m */; };
		31C2A7B021940EF700F7EBAA /* ViewController.m in Sources */ = {isa = PBXBuildFile; fileRef = 31C2A7AF21940EF700F7EBAA /* ViewController.m */; };
		31C2A7B321940EF700F7EBAA /* Main.storyboard in Resources */ = {isa = PBXBuildFile; fileRef = 31C2A7B121940EF700F7EBAA /* Main.storyboard */; };
		31C2A7B521940EF900F7EBAA /* Assets.xcassets in Resources */ = {isa = PBXBuildFile; fileRef = 31C2A7B421940EF900F7EBAA /* Assets.xcassets */; };
		31C2A7B821940EF900F7EBAA /* LaunchScreen.storyboard in Resources */ = {isa = PBXBuildFile; fileRef = 31C2A7B621940EF900F7EBAA /* LaunchScreen.storyboard */; };
		31C2A7BB21940EF900F7EBAA /* main.m in Sources */ = {isa = PBXBuildFile; fileRef = 31C2A7BA21940EF900F7EBAA /* main.m */; };
		31C2A7C3219411A200F7EBAA /* XDNetworkManager.m in Sources */ = {isa = PBXBuildFile; fileRef = 31C2A7C2219411A200F7EBAA /* XDNetworkManager.m */; };
		31D4DE8021A419BC008FDC34 /* XDImageUploadCollectionView.m in Sources */ = {isa = PBXBuildFile; fileRef = 31D4DE7F21A419BC008FDC34 /* XDImageUploadCollectionView.m */; };
		31D4DE8421A41B92008FDC34 /* XDImageUploadCollectionViewCell.m in Sources */ = {isa = PBXBuildFile; fileRef = 31D4DE8221A41B92008FDC34 /* XDImageUploadCollectionViewCell.m */; };
		31D4DE8521A41B92008FDC34 /* XDImageUploadCollectionViewCell.xib in Resources */ = {isa = PBXBuildFile; fileRef = 31D4DE8321A41B92008FDC34 /* XDImageUploadCollectionViewCell.xib */; };
		31FE758C21AF035600FF9155 /* XDDetailViewController.xib in Resources */ = {isa = PBXBuildFile; fileRef = 31FE758621AF035400FF9155 /* XDDetailViewController.xib */; };
		31FE758F21AF035600FF9155 /* XDDetailViewController.m in Sources */ = {isa = PBXBuildFile; fileRef = 31FE758B21AF035500FF9155 /* XDDetailViewController.m */; };
		31FE759321AF052600FF9155 /* UIDetailImageTableViewCell.xib in Resources */ = {isa = PBXBuildFile; fileRef = 31FE759021AF052500FF9155 /* UIDetailImageTableViewCell.xib */; };
		31FE759421AF052600FF9155 /* UIDetailImageTableViewCell.m in Sources */ = {isa = PBXBuildFile; fileRef = 31FE759221AF052600FF9155 /* UIDetailImageTableViewCell.m */; };
/* End PBXBuildFile section */

/* Begin PBXFileReference section */
		280B86257A637AE9B35DCB28 /* libPods-Diamond.a */ = {isa = PBXFileReference; explicitFileType = archive.ar; includeInIndex = 0; path = "libPods-Diamond.a"; sourceTree = BUILT_PRODUCTS_DIR; };
		3159884D219D8189009A764A /* XDLoginViewController.h */ = {isa = PBXFileReference; lastKnownFileType = sourcecode.c.h; path = XDLoginViewController.h; sourceTree = "<group>"; };
		3159884E219D8189009A764A /* XDLoginViewController.m */ = {isa = PBXFileReference; lastKnownFileType = sourcecode.c.objc; path = XDLoginViewController.m; sourceTree = "<group>"; };
		3159884F219D8189009A764A /* XDLoginViewController.xib */ = {isa = PBXFileReference; lastKnownFileType = file.xib; path = XDLoginViewController.xib; sourceTree = "<group>"; };
		31598859219D9CB3009A764A /* XDHomeViewController.h */ = {isa = PBXFileReference; lastKnownFileType = sourcecode.c.h; path = XDHomeViewController.h; sourceTree = "<group>"; };
		3159885A219D9CB3009A764A /* XDHomeViewController.m */ = {isa = PBXFileReference; lastKnownFileType = sourcecode.c.objc; path = XDHomeViewController.m; sourceTree = "<group>"; };
		3159885B219D9CB3009A764A /* XDHomeViewController.xib */ = {isa = PBXFileReference; lastKnownFileType = file.xib; path = XDHomeViewController.xib; sourceTree = "<group>"; };
		31598863219D9FA1009A764A /* XDUser.h */ = {isa = PBXFileReference; lastKnownFileType = sourcecode.c.h; path = XDUser.h; sourceTree = "<group>"; };
		31598864219D9FA1009A764A /* XDUser.m */ = {isa = PBXFileReference; lastKnownFileType = sourcecode.c.objc; path = XDUser.m; sourceTree = "<group>"; };
		31598866219DABBE009A764A /* XDProductDetailInfo.h */ = {isa = PBXFileReference; lastKnownFileType = sourcecode.c.h; path = XDProductDetailInfo.h; sourceTree = "<group>"; };
		31598867219DABBE009A764A /* XDProductDetailInfo.m */ = {isa = PBXFileReference; lastKnownFileType = sourcecode.c.objc; path = XDProductDetailInfo.m; sourceTree = "<group>"; };
		31598869219DAE05009A764A /* XDProductListTableViewCell.h */ = {isa = PBXFileReference; lastKnownFileType = sourcecode.c.h; path = XDProductListTableViewCell.h; sourceTree = "<group>"; };
		3159886A219DAE05009A764A /* XDProductListTableViewCell.m */ = {isa = PBXFileReference; lastKnownFileType = sourcecode.c.objc; path = XDProductListTableViewCell.m; sourceTree = "<group>"; };
		3159886B219DAE05009A764A /* XDProductListTableViewCell.xib */ = {isa = PBXFileReference; lastKnownFileType = file.xib; path = XDProductListTableViewCell.xib; sourceTree = "<group>"; };
		3164B72C21AEFBF600921896 /* PrefixHeader.pch */ = {isa = PBXFileReference; lastKnownFileType = sourcecode.c.h; path = PrefixHeader.pch; sourceTree = "<group>"; };
		3169B87E21A3BDEB0095A417 /* XDMyViewController.h */ = {isa = PBXFileReference; lastKnownFileType = sourcecode.c.h; path = XDMyViewController.h; sourceTree = "<group>"; };
		3169B87F21A3BDEB0095A417 /* XDMyViewController.m */ = {isa = PBXFileReference; lastKnownFileType = sourcecode.c.objc; path = XDMyViewController.m; sourceTree = "<group>"; };
		3169B88021A3BDEB0095A417 /* XDMyViewController.xib */ = {isa = PBXFileReference; lastKnownFileType = file.xib; path = XDMyViewController.xib; sourceTree = "<group>"; };
		3169B88321A3BDFE0095A417 /* XDSettingViewController.h */ = {isa = PBXFileReference; lastKnownFileType = sourcecode.c.h; path = XDSettingViewController.h; sourceTree = "<group>"; };
		3169B88421A3BDFE0095A417 /* XDSettingViewController.m */ = {isa = PBXFileReference; lastKnownFileType = sourcecode.c.objc; path = XDSettingViewController.m; sourceTree = "<group>"; };
		3169B88521A3BDFE0095A417 /* XDSettingViewController.xib */ = {isa = PBXFileReference; lastKnownFileType = file.xib; path = XDSettingViewController.xib; sourceTree = "<group>"; };
		3169B88821A3BE110095A417 /* XDSearchViewController.h */ = {isa = PBXFileReference; lastKnownFileType = sourcecode.c.h; path = XDSearchViewController.h; sourceTree = "<group>"; };
		3169B88921A3BE110095A417 /* XDSearchViewController.m */ = {isa = PBXFileReference; lastKnownFileType = sourcecode.c.objc; path = XDSearchViewController.m; sourceTree = "<group>"; };
		3169B88A21A3BE110095A417 /* XDSearchViewController.xib */ = {isa = PBXFileReference; lastKnownFileType = file.xib; path = XDSearchViewController.xib; sourceTree = "<group>"; };
		3169B88D21A3C5AB0095A417 /* XDUploadViewController.h */ = {isa = PBXFileReference; lastKnownFileType = sourcecode.c.h; path = XDUploadViewController.h; sourceTree = "<group>"; };
		3169B88E21A3C5AB0095A417 /* XDUploadViewController.m */ = {isa = PBXFileReference; lastKnownFileType = sourcecode.c.objc; path = XDUploadViewController.m; sourceTree = "<group>"; };
		3169B88F21A3C5AB0095A417 /* XDUploadViewController.xib */ = {isa = PBXFileReference; lastKnownFileType = file.xib; path = XDUploadViewController.xib; sourceTree = "<group>"; };
		316FEECA21B6E3E1000C9DBF /* XDTagSelectView.h */ = {isa = PBXFileReference; lastKnownFileType = sourcecode.c.h; path = XDTagSelectView.h; sourceTree = "<group>"; };
		316FEECB21B6E3E1000C9DBF /* XDTagSelectView.m */ = {isa = PBXFileReference; lastKnownFileType = sourcecode.c.objc; path = XDTagSelectView.m; sourceTree = "<group>"; };
		316FEED621B6EA6A000C9DBF /* UIView+Utils.h */ = {isa = PBXFileReference; fileEncoding = 4; lastKnownFileType = sourcecode.c.h; path = "UIView+Utils.h"; sourceTree = "<group>"; };
		316FEED721B6EA6A000C9DBF /* UIView+Utils.m */ = {isa = PBXFileReference; fileEncoding = 4; lastKnownFileType = sourcecode.c.objc; path = "UIView+Utils.m"; sourceTree = "<group>"; };
		319F698321B63C3700775E36 /* YJTagView.h */ = {isa = PBXFileReference; fileEncoding = 4; lastKnownFileType = sourcecode.c.h; path = YJTagView.h; sourceTree = "<group>"; };
		319F698421B63C3800775E36 /* YJTagCollectionViewCell.h */ = {isa = PBXFileReference; fileEncoding = 4; lastKnownFileType = sourcecode.c.h; path = YJTagCollectionViewCell.h; sourceTree = "<group>"; };
		319F698521B63C3800775E36 /* UICollectionViewLeftAlignedLayout.h */ = {isa = PBXFileReference; fileEncoding = 4; lastKnownFileType = sourcecode.c.h; path = UICollectionViewLeftAlignedLayout.h; sourceTree = "<group>"; };
		319F698621B63C3800775E36 /* YJTagViewProtocol.h */ = {isa = PBXFileReference; fileEncoding = 4; lastKnownFileType = sourcecode.c.h; path = YJTagViewProtocol.h; sourceTree = "<group>"; };
		319F698721B63C3800775E36 /* UICollectionViewLeftAlignedLayout.m */ = {isa = PBXFileReference; fileEncoding = 4; lastKnownFileType = sourcecode.c.objc; path = UICollectionViewLeftAlignedLayout.m; sourceTree = "<group>"; };
		319F698821B63C3800775E36 /* YJTagCollectionViewCell.m */ = {isa = PBXFileReference; fileEncoding = 4; lastKnownFileType = sourcecode.c.objc; path = YJTagCollectionViewCell.m; sourceTree = "<group>"; };
		319F698921B63C3800775E36 /* YJTagCollectionViewCell.xib */ = {isa = PBXFileReference; fileEncoding = 4; lastKnownFileType = file.xib; path = YJTagCollectionViewCell.xib; sourceTree = "<group>"; };
		319F698A21B63C3800775E36 /* YJTagView.m */ = {isa = PBXFileReference; fileEncoding = 4; lastKnownFileType = sourcecode.c.objc; path = YJTagView.m; sourceTree = "<group>"; };
		31A5EAB521B80FF80039845A /* XDInputTextView.h */ = {isa = PBXFileReference; lastKnownFileType = sourcecode.c.h; path = XDInputTextView.h; sourceTree = "<group>"; };
		31A5EAB621B80FF80039845A /* XDInputTextView.m */ = {isa = PBXFileReference; lastKnownFileType = sourcecode.c.objc; path = XDInputTextView.m; sourceTree = "<group>"; };
		31AF53BB21B03ED8007238FC /* UIImageGalleryViewCell.h */ = {isa = PBXFileReference; lastKnownFileType = sourcecode.c.h; path = UIImageGalleryViewCell.h; sourceTree = "<group>"; };
		31AF53BC21B03ED8007238FC /* UIImageGalleryViewCell.m */ = {isa = PBXFileReference; lastKnownFileType = sourcecode.c.objc; path = UIImageGalleryViewCell.m; sourceTree = "<group>"; };
		31AF53BD21B03ED8007238FC /* UIImageGalleryViewCell.xib */ = {isa = PBXFileReference; lastKnownFileType = file.xib; path = UIImageGalleryViewCell.xib; sourceTree = "<group>"; };
		31C0606B21B54091008EC22B /* XDTextSetTableViewCell.h */ = {isa = PBXFileReference; lastKnownFileType = sourcecode.c.h; path = XDTextSetTableViewCell.h; sourceTree = "<group>"; };
		31C0606C21B54091008EC22B /* XDTextSetTableViewCell.m */ = {isa = PBXFileReference; lastKnownFileType = sourcecode.c.objc; path = XDTextSetTableViewCell.m; sourceTree = "<group>"; };
		31C0606D21B54091008EC22B /* XDTextSetTableViewCell.xib */ = {isa = PBXFileReference; lastKnownFileType = file.xib; path = XDTextSetTableViewCell.xib; sourceTree = "<group>"; };
		31C2A7A821940EF700F7EBAA /* Diamond.app */ = {isa = PBXFileReference; explicitFileType = wrapper.application; includeInIndex = 0; path = Diamond.app; sourceTree = BUILT_PRODUCTS_DIR; };
		31C2A7AB21940EF700F7EBAA /* AppDelegate.h */ = {isa = PBXFileReference; lastKnownFileType = sourcecode.c.h; path = AppDelegate.h; sourceTree = "<group>"; };
		31C2A7AC21940EF700F7EBAA /* AppDelegate.m */ = {isa = PBXFileReference; lastKnownFileType = sourcecode.c.objc; path = AppDelegate.m; sourceTree = "<group>"; };
		31C2A7AE21940EF700F7EBAA /* ViewController.h */ = {isa = PBXFileReference; lastKnownFileType = sourcecode.c.h; path = ViewController.h; sourceTree = "<group>"; };
		31C2A7AF21940EF700F7EBAA /* ViewController.m */ = {isa = PBXFileReference; lastKnownFileType = sourcecode.c.objc; path = ViewController.m; sourceTree = "<group>"; };
		31C2A7B221940EF700F7EBAA /* Base */ = {isa = PBXFileReference; lastKnownFileType = file.storyboard; name = Base; path = Base.lproj/Main.storyboard; sourceTree = "<group>"; };
		31C2A7B421940EF900F7EBAA /* Assets.xcassets */ = {isa = PBXFileReference; lastKnownFileType = folder.assetcatalog; path = Assets.xcassets; sourceTree = "<group>"; };
		31C2A7B721940EF900F7EBAA /* Base */ = {isa = PBXFileReference; lastKnownFileType = file.storyboard; name = Base; path = Base.lproj/LaunchScreen.storyboard; sourceTree = "<group>"; };
		31C2A7B921940EF900F7EBAA /* Info.plist */ = {isa = PBXFileReference; lastKnownFileType = text.plist.xml; path = Info.plist; sourceTree = "<group>"; };
		31C2A7BA21940EF900F7EBAA /* main.m */ = {isa = PBXFileReference; lastKnownFileType = sourcecode.c.objc; path = main.m; sourceTree = "<group>"; };
		31C2A7C1219411A200F7EBAA /* XDNetworkManager.h */ = {isa = PBXFileReference; lastKnownFileType = sourcecode.c.h; path = XDNetworkManager.h; sourceTree = "<group>"; };
		31C2A7C2219411A200F7EBAA /* XDNetworkManager.m */ = {isa = PBXFileReference; lastKnownFileType = sourcecode.c.objc; path = XDNetworkManager.m; sourceTree = "<group>"; };
		31C2A7C42194161F00F7EBAA /* Diamond.entitlements */ = {isa = PBXFileReference; lastKnownFileType = text.plist.entitlements; path = Diamond.entitlements; sourceTree = "<group>"; };
		31D4DE7E21A419BC008FDC34 /* XDImageUploadCollectionView.h */ = {isa = PBXFileReference; lastKnownFileType = sourcecode.c.h; path = XDImageUploadCollectionView.h; sourceTree = "<group>"; };
		31D4DE7F21A419BC008FDC34 /* XDImageUploadCollectionView.m */ = {isa = PBXFileReference; lastKnownFileType = sourcecode.c.objc; path = XDImageUploadCollectionView.m; sourceTree = "<group>"; };
		31D4DE8121A41B92008FDC34 /* XDImageUploadCollectionViewCell.h */ = {isa = PBXFileReference; lastKnownFileType = sourcecode.c.h; path = XDImageUploadCollectionViewCell.h; sourceTree = "<group>"; };
		31D4DE8221A41B92008FDC34 /* XDImageUploadCollectionViewCell.m */ = {isa = PBXFileReference; lastKnownFileType = sourcecode.c.objc; path = XDImageUploadCollectionViewCell.m; sourceTree = "<group>"; };
		31D4DE8321A41B92008FDC34 /* XDImageUploadCollectionViewCell.xib */ = {isa = PBXFileReference; lastKnownFileType = file.xib; path = XDImageUploadCollectionViewCell.xib; sourceTree = "<group>"; };
		31FE758621AF035400FF9155 /* XDDetailViewController.xib */ = {isa = PBXFileReference; fileEncoding = 4; lastKnownFileType = file.xib; path = XDDetailViewController.xib; sourceTree = "<group>"; };
		31FE758821AF035500FF9155 /* XDDetailViewController.h */ = {isa = PBXFileReference; fileEncoding = 4; lastKnownFileType = sourcecode.c.h; path = XDDetailViewController.h; sourceTree = "<group>"; };
		31FE758B21AF035500FF9155 /* XDDetailViewController.m */ = {isa = PBXFileReference; fileEncoding = 4; lastKnownFileType = sourcecode.c.objc; path = XDDetailViewController.m; sourceTree = "<group>"; };
		31FE759021AF052500FF9155 /* UIDetailImageTableViewCell.xib */ = {isa = PBXFileReference; fileEncoding = 4; lastKnownFileType = file.xib; path = UIDetailImageTableViewCell.xib; sourceTree = "<group>"; };
		31FE759121AF052500FF9155 /* UIDetailImageTableViewCell.h */ = {isa = PBXFileReference; fileEncoding = 4; lastKnownFileType = sourcecode.c.h; path = UIDetailImageTableViewCell.h; sourceTree = "<group>"; };
		31FE759221AF052600FF9155 /* UIDetailImageTableViewCell.m */ = {isa = PBXFileReference; fileEncoding = 4; lastKnownFileType = sourcecode.c.objc; path = UIDetailImageTableViewCell.m; sourceTree = "<group>"; };
		47D410365FC4C46A23000B27 /* Pods-Diamond.release.xcconfig */ = {isa = PBXFileReference; includeInIndex = 1; lastKnownFileType = text.xcconfig; name = "Pods-Diamond.release.xcconfig"; path = "Pods/Target Support Files/Pods-Diamond/Pods-Diamond.release.xcconfig"; sourceTree = "<group>"; };
		E05B0BF099EAD528F9CF8DDF /* Pods-Diamond.debug.xcconfig */ = {isa = PBXFileReference; includeInIndex = 1; lastKnownFileType = text.xcconfig; name = "Pods-Diamond.debug.xcconfig"; path = "Pods/Target Support Files/Pods-Diamond/Pods-Diamond.debug.xcconfig"; sourceTree = "<group>"; };
/* End PBXFileReference section */

/* Begin PBXFrameworksBuildPhase section */
		31C2A7A521940EF700F7EBAA /* Frameworks */ = {
			isa = PBXFrameworksBuildPhase;
			buildActionMask = 2147483647;
			files = (
				05CCF65CC7CDE290BC67389E /* libPods-Diamond.a in Frameworks */,
			);
			runOnlyForDeploymentPostprocessing = 0;
		};
/* End PBXFrameworksBuildPhase section */

/* Begin PBXGroup section */
		3164B72D21AEFD1F00921896 /* Detail */ = {
			isa = PBXGroup;
			children = (
				31FE759121AF052500FF9155 /* UIDetailImageTableViewCell.h */,
				31FE759221AF052600FF9155 /* UIDetailImageTableViewCell.m */,
				31FE759021AF052500FF9155 /* UIDetailImageTableViewCell.xib */,
				31FE758821AF035500FF9155 /* XDDetailViewController.h */,
				31FE758B21AF035500FF9155 /* XDDetailViewController.m */,
				31FE758621AF035400FF9155 /* XDDetailViewController.xib */,
				31AF53BB21B03ED8007238FC /* UIImageGalleryViewCell.h */,
				31AF53BC21B03ED8007238FC /* UIImageGalleryViewCell.m */,
				31AF53BD21B03ED8007238FC /* UIImageGalleryViewCell.xib */,
			);
			path = Detail;
			sourceTree = "<group>";
		};
		3169B87821A3BC280095A417 /* Upload */ = {
			isa = PBXGroup;
			children = (
				3169B88D21A3C5AB0095A417 /* XDUploadViewController.h */,
				3169B88E21A3C5AB0095A417 /* XDUploadViewController.m */,
				3169B88F21A3C5AB0095A417 /* XDUploadViewController.xib */,
				31D4DE7E21A419BC008FDC34 /* XDImageUploadCollectionView.h */,
				31D4DE7F21A419BC008FDC34 /* XDImageUploadCollectionView.m */,
				31D4DE8121A41B92008FDC34 /* XDImageUploadCollectionViewCell.h */,
				31D4DE8221A41B92008FDC34 /* XDImageUploadCollectionViewCell.m */,
				31D4DE8321A41B92008FDC34 /* XDImageUploadCollectionViewCell.xib */,
				31C0606B21B54091008EC22B /* XDTextSetTableViewCell.h */,
				31C0606C21B54091008EC22B /* XDTextSetTableViewCell.m */,
				31C0606D21B54091008EC22B /* XDTextSetTableViewCell.xib */,
				316FEECA21B6E3E1000C9DBF /* XDTagSelectView.h */,
				316FEECB21B6E3E1000C9DBF /* XDTagSelectView.m */,
				31A5EAB521B80FF80039845A /* XDInputTextView.h */,
				31A5EAB621B80FF80039845A /* XDInputTextView.m */,
			);
			path = Upload;
			sourceTree = "<group>";
		};
		316FEED521B6EA60000C9DBF /* Tool */ = {
			isa = PBXGroup;
			children = (
				316FEED621B6EA6A000C9DBF /* UIView+Utils.h */,
				316FEED721B6EA6A000C9DBF /* UIView+Utils.m */,
			);
			path = Tool;
			sourceTree = "<group>";
		};
		31AF7EEC21B58FC8009A841D /* Model */ = {
			isa = PBXGroup;
			children = (
				319F698521B63C3800775E36 /* UICollectionViewLeftAlignedLayout.h */,
				319F698721B63C3800775E36 /* UICollectionViewLeftAlignedLayout.m */,
				319F698421B63C3800775E36 /* YJTagCollectionViewCell.h */,
				319F698821B63C3800775E36 /* YJTagCollectionViewCell.m */,
				319F698921B63C3800775E36 /* YJTagCollectionViewCell.xib */,
				319F698321B63C3700775E36 /* YJTagView.h */,
				319F698A21B63C3800775E36 /* YJTagView.m */,
				319F698621B63C3800775E36 /* YJTagViewProtocol.h */,
			);
			path = Model;
			sourceTree = "<group>";
		};
		31C2A79F21940EF700F7EBAA = {
			isa = PBXGroup;
			children = (
				31C2A7AA21940EF700F7EBAA /* Diamond */,
				31C2A7A921940EF700F7EBAA /* Products */,
				E39B36D1E35C614B52E7F9A2 /* Pods */,
				3FE87E6460B3AF4432AF4B62 /* Frameworks */,
			);
			sourceTree = "<group>";
		};
		31C2A7A921940EF700F7EBAA /* Products */ = {
			isa = PBXGroup;
			children = (
				31C2A7A821940EF700F7EBAA /* Diamond.app */,
			);
			name = Products;
			sourceTree = "<group>";
		};
		31C2A7AA21940EF700F7EBAA /* Diamond */ = {
			isa = PBXGroup;
			children = (
				316FEED521B6EA60000C9DBF /* Tool */,
				31AF7EEC21B58FC8009A841D /* Model */,
				3164B72D21AEFD1F00921896 /* Detail */,
				3169B87821A3BC280095A417 /* Upload */,
				31C2A7C42194161F00F7EBAA /* Diamond.entitlements */,
				31C2A7AB21940EF700F7EBAA /* AppDelegate.h */,
				31C2A7AC21940EF700F7EBAA /* AppDelegate.m */,
				31C2A7AE21940EF700F7EBAA /* ViewController.h */,
				31C2A7AF21940EF700F7EBAA /* ViewController.m */,
				31C2A7B121940EF700F7EBAA /* Main.storyboard */,
				31C2A7B421940EF900F7EBAA /* Assets.xcassets */,
				31C2A7B621940EF900F7EBAA /* LaunchScreen.storyboard */,
				31C2A7B921940EF900F7EBAA /* Info.plist */,
				31C2A7BA21940EF900F7EBAA /* main.m */,
				31C2A7C1219411A200F7EBAA /* XDNetworkManager.h */,
				31C2A7C2219411A200F7EBAA /* XDNetworkManager.m */,
				3159884D219D8189009A764A /* XDLoginViewController.h */,
				3159884E219D8189009A764A /* XDLoginViewController.m */,
				3159884F219D8189009A764A /* XDLoginViewController.xib */,
				31598859219D9CB3009A764A /* XDHomeViewController.h */,
				3159885A219D9CB3009A764A /* XDHomeViewController.m */,
				3159885B219D9CB3009A764A /* XDHomeViewController.xib */,
				31598863219D9FA1009A764A /* XDUser.h */,
				31598864219D9FA1009A764A /* XDUser.m */,
				31598866219DABBE009A764A /* XDProductDetailInfo.h */,
				31598867219DABBE009A764A /* XDProductDetailInfo.m */,
				31598869219DAE05009A764A /* XDProductListTableViewCell.h */,
				3159886A219DAE05009A764A /* XDProductListTableViewCell.m */,
				3159886B219DAE05009A764A /* XDProductListTableViewCell.xib */,
				3169B87E21A3BDEB0095A417 /* XDMyViewController.h */,
				3169B87F21A3BDEB0095A417 /* XDMyViewController.m */,
				3169B88021A3BDEB0095A417 /* XDMyViewController.xib */,
				3169B88321A3BDFE0095A417 /* XDSettingViewController.h */,
				3169B88421A3BDFE0095A417 /* XDSettingViewController.m */,
				3169B88521A3BDFE0095A417 /* XDSettingViewController.xib */,
				3169B88821A3BE110095A417 /* XDSearchViewController.h */,
				3169B88921A3BE110095A417 /* XDSearchViewController.m */,
				3169B88A21A3BE110095A417 /* XDSearchViewController.xib */,
				3164B72C21AEFBF600921896 /* PrefixHeader.pch */,
			);
			path = Diamond;
			sourceTree = "<group>";
		};
		3FE87E6460B3AF4432AF4B62 /* Frameworks */ = {
			isa = PBXGroup;
			children = (
				280B86257A637AE9B35DCB28 /* libPods-Diamond.a */,
			);
			name = Frameworks;
			sourceTree = "<group>";
		};
		E39B36D1E35C614B52E7F9A2 /* Pods */ = {
			isa = PBXGroup;
			children = (
				E05B0BF099EAD528F9CF8DDF /* Pods-Diamond.debug.xcconfig */,
				47D410365FC4C46A23000B27 /* Pods-Diamond.release.xcconfig */,
			);
			name = Pods;
			sourceTree = "<group>";
		};
/* End PBXGroup section */

/* Begin PBXNativeTarget section */
		31C2A7A721940EF700F7EBAA /* Diamond */ = {
			isa = PBXNativeTarget;
			buildConfigurationList = 31C2A7BE21940EF900F7EBAA /* Build configuration list for PBXNativeTarget "Diamond" */;
			buildPhases = (
				882D912FD2783534D9545059 /* [CP] Check Pods Manifest.lock */,
				31C2A7A421940EF700F7EBAA /* Sources */,
				31C2A7A521940EF700F7EBAA /* Frameworks */,
				31C2A7A621940EF700F7EBAA /* Resources */,
				4BF61B14688F1068F76D9B34 /* [CP] Copy Pods Resources */,
			);
			buildRules = (
			);
			dependencies = (
			);
			name = Diamond;
			productName = Diamond;
			productReference = 31C2A7A821940EF700F7EBAA /* Diamond.app */;
			productType = "com.apple.product-type.application";
		};
/* End PBXNativeTarget section */

/* Begin PBXProject section */
		31C2A7A021940EF700F7EBAA /* Project object */ = {
			isa = PBXProject;
			attributes = {
				LastUpgradeCheck = 1010;
				ORGANIZATIONNAME = XtraSoft;
				TargetAttributes = {
					31C2A7A721940EF700F7EBAA = {
						CreatedOnToolsVersion = 10.1;
						SystemCapabilities = {
							com.apple.AccessWiFi = {
								enabled = 0;
							};
							com.apple.SafariKeychain = {
								enabled = 0;
							};
						};
					};
				};
			};
			buildConfigurationList = 31C2A7A321940EF700F7EBAA /* Build configuration list for PBXProject "Diamond" */;
			compatibilityVersion = "Xcode 9.3";
			developmentRegion = en;
			hasScannedForEncodings = 0;
			knownRegions = (
				en,
				Base,
			);
			mainGroup = 31C2A79F21940EF700F7EBAA;
			productRefGroup = 31C2A7A921940EF700F7EBAA /* Products */;
			projectDirPath = "";
			projectRoot = "";
			targets = (
				31C2A7A721940EF700F7EBAA /* Diamond */,
			);
		};
/* End PBXProject section */

/* Begin PBXResourcesBuildPhase section */
		31C2A7A621940EF700F7EBAA /* Resources */ = {
			isa = PBXResourcesBuildPhase;
			buildActionMask = 2147483647;
			files = (
				31C2A7B821940EF900F7EBAA /* LaunchScreen.storyboard in Resources */,
				3159885D219D9CB3009A764A /* XDHomeViewController.xib in Resources */,
				319F698D21B63C3800775E36 /* YJTagCollectionViewCell.xib in Resources */,
				31FE758C21AF035600FF9155 /* XDDetailViewController.xib in Resources */,
				31FE759321AF052600FF9155 /* UIDetailImageTableViewCell.xib in Resources */,
				31C2A7B521940EF900F7EBAA /* Assets.xcassets in Resources */,
				31AF53BF21B03ED8007238FC /* UIImageGalleryViewCell.xib in Resources */,
				3169B88221A3BDEB0095A417 /* XDMyViewController.xib in Resources */,
				3169B88721A3BDFE0095A417 /* XDSettingViewController.xib in Resources */,
				3169B88C21A3BE110095A417 /* XDSearchViewController.xib in Resources */,
				31598851219D8189009A764A /* XDLoginViewController.xib in Resources */,
				31D4DE8521A41B92008FDC34 /* XDImageUploadCollectionViewCell.xib in Resources */,
				31C2A7B321940EF700F7EBAA /* Main.storyboard in Resources */,
				3159886D219DAE05009A764A /* XDProductListTableViewCell.xib in Resources */,
				31C0606F21B54091008EC22B /* XDTextSetTableViewCell.xib in Resources */,
				3169B89121A3C5AB0095A417 /* XDUploadViewController.xib in Resources */,
			);
			runOnlyForDeploymentPostprocessing = 0;
		};
/* End PBXResourcesBuildPhase section */

/* Begin PBXShellScriptBuildPhase section */
		4BF61B14688F1068F76D9B34 /* [CP] Copy Pods Resources */ = {
			isa = PBXShellScriptBuildPhase;
			buildActionMask = 2147483647;
			files = (
			);
			inputFileListPaths = (
			);
			inputPaths = (
				"${SRCROOT}/Pods/Target Support Files/Pods-Diamond/Pods-Diamond-resources.sh",
				"${PODS_ROOT}/HXWeiboPhotoPicker/微博照片选择/HXWeiboPhotoPicker/HXWeiboPhotoPicker.bundle",
				"${PODS_ROOT}/SVProgressHUD/SVProgressHUD/SVProgressHUD.bundle",
			);
			name = "[CP] Copy Pods Resources";
			outputFileListPaths = (
			);
			outputPaths = (
				"${TARGET_BUILD_DIR}/${UNLOCALIZED_RESOURCES_FOLDER_PATH}/HXWeiboPhotoPicker.bundle",
				"${TARGET_BUILD_DIR}/${UNLOCALIZED_RESOURCES_FOLDER_PATH}/SVProgressHUD.bundle",
			);
			runOnlyForDeploymentPostprocessing = 0;
			shellPath = /bin/sh;
			shellScript = "\"${SRCROOT}/Pods/Target Support Files/Pods-Diamond/Pods-Diamond-resources.sh\"\n";
			showEnvVarsInLog = 0;
		};
		882D912FD2783534D9545059 /* [CP] Check Pods Manifest.lock */ = {
			isa = PBXShellScriptBuildPhase;
			buildActionMask = 2147483647;
			files = (
			);
			inputFileListPaths = (
			);
			inputPaths = (
				"${PODS_PODFILE_DIR_PATH}/Podfile.lock",
				"${PODS_ROOT}/Manifest.lock",
			);
			name = "[CP] Check Pods Manifest.lock";
			outputFileListPaths = (
			);
			outputPaths = (
				"$(DERIVED_FILE_DIR)/Pods-Diamond-checkManifestLockResult.txt",
			);
			runOnlyForDeploymentPostprocessing = 0;
			shellPath = /bin/sh;
			shellScript = "diff \"${PODS_PODFILE_DIR_PATH}/Podfile.lock\" \"${PODS_ROOT}/Manifest.lock\" > /dev/null\nif [ $? != 0 ] ; then\n    # print error to STDERR\n    echo \"error: The sandbox is not in sync with the Podfile.lock. Run 'pod install' or update your CocoaPods installation.\" >&2\n    exit 1\nfi\n# This output is used by Xcode 'outputs' to avoid re-running this script phase.\necho \"SUCCESS\" > \"${SCRIPT_OUTPUT_FILE_0}\"\n";
			showEnvVarsInLog = 0;
		};
/* End PBXShellScriptBuildPhase section */

/* Begin PBXSourcesBuildPhase section */
		31C2A7A421940EF700F7EBAA /* Sources */ = {
			isa = PBXSourcesBuildPhase;
			buildActionMask = 2147483647;
			files = (
				31C2A7B021940EF700F7EBAA /* ViewController.m in Sources */,
				319F698C21B63C3800775E36 /* YJTagCollectionViewCell.m in Sources */,
				3169B89021A3C5AB0095A417 /* XDUploadViewController.m in Sources */,
				31C2A7BB21940EF900F7EBAA /* main.m in Sources */,
				31AF53BE21B03ED8007238FC /* UIImageGalleryViewCell.m in Sources */,
				319F698B21B63C3800775E36 /* UICollectionViewLeftAlignedLayout.m in Sources */,
				316FEED821B6EA6A000C9DBF /* UIView+Utils.m in Sources */,
				319F698E21B63C3800775E36 /* YJTagView.m in Sources */,
				31D4DE8021A419BC008FDC34 /* XDImageUploadCollectionView.m in Sources */,
				31C2A7C3219411A200F7EBAA /* XDNetworkManager.m in Sources */,
				31D4DE8421A41B92008FDC34 /* XDImageUploadCollectionViewCell.m in Sources */,
				3159886C219DAE05009A764A /* XDProductListTableViewCell.m in Sources */,
				316FEECC21B6E3E1000C9DBF /* XDTagSelectView.m in Sources */,
				3169B88121A3BDEB0095A417 /* XDMyViewController.m in Sources */,
				3169B88621A3BDFE0095A417 /* XDSettingViewController.m in Sources */,
				31FE758F21AF035600FF9155 /* XDDetailViewController.m in Sources */,
				31598868219DABBE009A764A /* XDProductDetailInfo.m in Sources */,
				31598850219D8189009A764A /* XDLoginViewController.m in Sources */,
				3169B88B21A3BE110095A417 /* XDSearchViewController.m in Sources */,
				31C2A7AD21940EF700F7EBAA /* AppDelegate.m in Sources */,
				31A5EAB721B80FF80039845A /* XDInputTextView.m in Sources */,
				31C0606E21B54091008EC22B /* XDTextSetTableViewCell.m in Sources */,
				31FE759421AF052600FF9155 /* UIDetailImageTableViewCell.m in Sources */,
				3159885C219D9CB3009A764A /* XDHomeViewController.m in Sources */,
				31598865219D9FA1009A764A /* XDUser.m in Sources */,
			);
			runOnlyForDeploymentPostprocessing = 0;
		};
/* End PBXSourcesBuildPhase section */

/* Begin PBXVariantGroup section */
		31C2A7B121940EF700F7EBAA /* Main.storyboard */ = {
			isa = PBXVariantGroup;
			children = (
				31C2A7B221940EF700F7EBAA /* Base */,
			);
			name = Main.storyboard;
			sourceTree = "<group>";
		};
		31C2A7B621940EF900F7EBAA /* LaunchScreen.storyboard */ = {
			isa = PBXVariantGroup;
			children = (
				31C2A7B721940EF900F7EBAA /* Base */,
			);
			name = LaunchScreen.storyboard;
			sourceTree = "<group>";
		};
/* End PBXVariantGroup section */

/* Begin XCBuildConfiguration section */
		31C2A7BC21940EF900F7EBAA /* Debug */ = {
			isa = XCBuildConfiguration;
			buildSettings = {
				ALWAYS_SEARCH_USER_PATHS = NO;
				CLANG_ANALYZER_NONNULL = YES;
				CLANG_ANALYZER_NUMBER_OBJECT_CONVERSION = YES_AGGRESSIVE;
				CLANG_CXX_LANGUAGE_STANDARD = "gnu++14";
				CLANG_CXX_LIBRARY = "libc++";
				CLANG_ENABLE_MODULES = YES;
				CLANG_ENABLE_OBJC_ARC = YES;
				CLANG_ENABLE_OBJC_WEAK = YES;
				CLANG_WARN_BLOCK_CAPTURE_AUTORELEASING = YES;
				CLANG_WARN_BOOL_CONVERSION = YES;
				CLANG_WARN_COMMA = YES;
				CLANG_WARN_CONSTANT_CONVERSION = YES;
				CLANG_WARN_DEPRECATED_OBJC_IMPLEMENTATIONS = YES;
				CLANG_WARN_DIRECT_OBJC_ISA_USAGE = YES_ERROR;
				CLANG_WARN_DOCUMENTATION_COMMENTS = YES;
				CLANG_WARN_EMPTY_BODY = YES;
				CLANG_WARN_ENUM_CONVERSION = YES;
				CLANG_WARN_INFINITE_RECURSION = YES;
				CLANG_WARN_INT_CONVERSION = YES;
				CLANG_WARN_NON_LITERAL_NULL_CONVERSION = YES;
				CLANG_WARN_OBJC_IMPLICIT_RETAIN_SELF = YES;
				CLANG_WARN_OBJC_LITERAL_CONVERSION = YES;
				CLANG_WARN_OBJC_ROOT_CLASS = YES_ERROR;
				CLANG_WARN_RANGE_LOOP_ANALYSIS = YES;
				CLANG_WARN_STRICT_PROTOTYPES = YES;
				CLANG_WARN_SUSPICIOUS_MOVE = YES;
				CLANG_WARN_UNGUARDED_AVAILABILITY = YES_AGGRESSIVE;
				CLANG_WARN_UNREACHABLE_CODE = YES;
				CLANG_WARN__DUPLICATE_METHOD_MATCH = YES;
				CODE_SIGN_IDENTITY = "iPhone Developer";
				COPY_PHASE_STRIP = NO;
				DEBUG_INFORMATION_FORMAT = dwarf;
				ENABLE_STRICT_OBJC_MSGSEND = YES;
				ENABLE_TESTABILITY = YES;
				GCC_C_LANGUAGE_STANDARD = gnu11;
				GCC_DYNAMIC_NO_PIC = NO;
				GCC_NO_COMMON_BLOCKS = YES;
				GCC_OPTIMIZATION_LEVEL = 0;
				GCC_PREPROCESSOR_DEFINITIONS = (
					"DEBUG=1",
					"$(inherited)",
				);
				GCC_WARN_64_TO_32_BIT_CONVERSION = YES;
				GCC_WARN_ABOUT_RETURN_TYPE = YES_ERROR;
				GCC_WARN_UNDECLARED_SELECTOR = YES;
				GCC_WARN_UNINITIALIZED_AUTOS = YES_AGGRESSIVE;
				GCC_WARN_UNUSED_FUNCTION = YES;
				GCC_WARN_UNUSED_VARIABLE = YES;
				IPHONEOS_DEPLOYMENT_TARGET = 12.1;
				MTL_ENABLE_DEBUG_INFO = INCLUDE_SOURCE;
				MTL_FAST_MATH = YES;
				ONLY_ACTIVE_ARCH = YES;
				SDKROOT = iphoneos;
			};
			name = Debug;
		};
		31C2A7BD21940EF900F7EBAA /* Release */ = {
			isa = XCBuildConfiguration;
			buildSettings = {
				ALWAYS_SEARCH_USER_PATHS = NO;
				CLANG_ANALYZER_NONNULL = YES;
				CLANG_ANALYZER_NUMBER_OBJECT_CONVERSION = YES_AGGRESSIVE;
				CLANG_CXX_LANGUAGE_STANDARD = "gnu++14";
				CLANG_CXX_LIBRARY = "libc++";
				CLANG_ENABLE_MODULES = YES;
				CLANG_ENABLE_OBJC_ARC = YES;
				CLANG_ENABLE_OBJC_WEAK = YES;
				CLANG_WARN_BLOCK_CAPTURE_AUTORELEASING = YES;
				CLANG_WARN_BOOL_CONVERSION = YES;
				CLANG_WARN_COMMA = YES;
				CLANG_WARN_CONSTANT_CONVERSION = YES;
				CLANG_WARN_DEPRECATED_OBJC_IMPLEMENTATIONS = YES;
				CLANG_WARN_DIRECT_OBJC_ISA_USAGE = YES_ERROR;
				CLANG_WARN_DOCUMENTATION_COMMENTS = YES;
				CLANG_WARN_EMPTY_BODY = YES;
				CLANG_WARN_ENUM_CONVERSION = YES;
				CLANG_WARN_INFINITE_RECURSION = YES;
				CLANG_WARN_INT_CONVERSION = YES;
				CLANG_WARN_NON_LITERAL_NULL_CONVERSION = YES;
				CLANG_WARN_OBJC_IMPLICIT_RETAIN_SELF = YES;
				CLANG_WARN_OBJC_LITERAL_CONVERSION = YES;
				CLANG_WARN_OBJC_ROOT_CLASS = YES_ERROR;
				CLANG_WARN_RANGE_LOOP_ANALYSIS = YES;
				CLANG_WARN_STRICT_PROTOTYPES = YES;
				CLANG_WARN_SUSPICIOUS_MOVE = YES;
				CLANG_WARN_UNGUARDED_AVAILABILITY = YES_AGGRESSIVE;
				CLANG_WARN_UNREACHABLE_CODE = YES;
				CLANG_WARN__DUPLICATE_METHOD_MATCH = YES;
				CODE_SIGN_IDENTITY = "iPhone Developer";
				COPY_PHASE_STRIP = NO;
				DEBUG_INFORMATION_FORMAT = "dwarf-with-dsym";
				ENABLE_NS_ASSERTIONS = NO;
				ENABLE_STRICT_OBJC_MSGSEND = YES;
				GCC_C_LANGUAGE_STANDARD = gnu11;
				GCC_NO_COMMON_BLOCKS = YES;
				GCC_WARN_64_TO_32_BIT_CONVERSION = YES;
				GCC_WARN_ABOUT_RETURN_TYPE = YES_ERROR;
				GCC_WARN_UNDECLARED_SELECTOR = YES;
				GCC_WARN_UNINITIALIZED_AUTOS = YES_AGGRESSIVE;
				GCC_WARN_UNUSED_FUNCTION = YES;
				GCC_WARN_UNUSED_VARIABLE = YES;
				IPHONEOS_DEPLOYMENT_TARGET = 12.1;
				MTL_ENABLE_DEBUG_INFO = NO;
				MTL_FAST_MATH = YES;
				SDKROOT = iphoneos;
				VALIDATE_PRODUCT = YES;
			};
			name = Release;
		};
		31C2A7BF21940EF900F7EBAA /* Debug */ = {
			isa = XCBuildConfiguration;
			baseConfigurationReference = E05B0BF099EAD528F9CF8DDF /* Pods-Diamond.debug.xcconfig */;
			buildSettings = {
				ASSETCATALOG_COMPILER_APPICON_NAME = AppIcon;
				CODE_SIGN_STYLE = Automatic;
				DEVELOPMENT_TEAM = U58RB22LH9;
				GCC_PREFIX_HEADER = "$(PROJECT_DIR)/Diamond/PrefixHeader.pch";
				INFOPLIST_FILE = Diamond/Info.plist;
				IPHONEOS_DEPLOYMENT_TARGET = 12.0;
				LD_RUNPATH_SEARCH_PATHS = (
					"$(inherited)",
					"@executable_path/Frameworks",
				);
				PRODUCT_BUNDLE_IDENTIFIER = Diamond.XtraSoft.com;
				PRODUCT_NAME = "$(TARGET_NAME)";
				TARGETED_DEVICE_FAMILY = "1,2";
			};
			name = Debug;
		};
		31C2A7C021940EF900F7EBAA /* Release */ = {
			isa = XCBuildConfiguration;
			baseConfigurationReference = 47D410365FC4C46A23000B27 /* Pods-Diamond.release.xcconfig */;
			buildSettings = {
				ASSETCATALOG_COMPILER_APPICON_NAME = AppIcon;
				CODE_SIGN_STYLE = Automatic;
				DEVELOPMENT_TEAM = U58RB22LH9;
				GCC_PREFIX_HEADER = "$(PROJECT_DIR)/Diamond/PrefixHeader.pch";
				INFOPLIST_FILE = Diamond/Info.plist;
				IPHONEOS_DEPLOYMENT_TARGET = 12.0;
				LD_RUNPATH_SEARCH_PATHS = (
					"$(inherited)",
					"@executable_path/Frameworks",
				);
				PRODUCT_BUNDLE_IDENTIFIER = Diamond.XtraSoft.com;
				PRODUCT_NAME = "$(TARGET_NAME)";
				TARGETED_DEVICE_FAMILY = "1,2";
			};
			name = Release;
		};
/* End XCBuildConfiguration section */

/* Begin XCConfigurationList section */
		31C2A7A321940EF700F7EBAA /* Build configuration list for PBXProject "Diamond" */ = {
			isa = XCConfigurationList;
			buildConfigurations = (
				31C2A7BC21940EF900F7EBAA /* Debug */,
				31C2A7BD21940EF900F7EBAA /* Release */,
			);
			defaultConfigurationIsVisible = 0;
			defaultConfigurationName = Release;
		};
		31C2A7BE21940EF900F7EBAA /* Build configuration list for PBXNativeTarget "Diamond" */ = {
			isa = XCConfigurationList;
			buildConfigurations = (
				31C2A7BF21940EF900F7EBAA /* Debug */,
				31C2A7C021940EF900F7EBAA /* Release */,
			);
			defaultConfigurationIsVisible = 0;
			defaultConfigurationName = Release;
		};
/* End XCConfigurationList section */
	};
	rootObject = 31C2A7A021940EF700F7EBAA /* Project object */;
}
